
Microsoft Visual Studio Solution File, Format Version 12.00
# Visual Studio Version 17
VisualStudioVersion = 17.14.36301.6 d17.14
MinimumVisualStudioVersion = 10.0.40219.1
Project("{FAE04EC0-301F-11D3-BF4B-00C04F79EFBC}") = "Microsoft.Azure.AzFilesSmbMI", "Windows\dotnet\dll\Microsoft.Azure.AzFilesSmbMI.csproj", "{B21C79F9-3B79-33D4-D162-8004C71EEA31}"
EndProject
Project("{8BC9CEB8-8B4A-11D0-8D11-00A0C91BC942}") = "AzFilesSmbMI", "Windows\dll\src\AzFilesSmbMI.vcxproj", "{3FB35880-69F0-40F6-9C82-7B1CA0BEFF5C}"
EndProject
Project("{FAE04EC0-301F-11D3-BF4B-00C04F79EFBC}") = "AzFilesSmbMIClient", "Windows\exe\AzFilesSmbMIClient.csproj", "{6A8FB3B0-0CCB-5FE0-6DDB-4235A8EA1891}"
EndProject
Global
	GlobalSection(SolutionConfigurationPlatforms) = preSolution
		Debug|Any CPU = Debug|Any CPU
		Debug|ARM64 = Debug|ARM64
		Debug|x64 = Debug|x64
		Debug|x86 = Debug|x86
		Release|Any CPU = Release|Any CPU
		Release|ARM64 = Release|ARM64
		Release|x64 = Release|x64
		Release|x86 = Release|x86
	EndGlobalSection
	GlobalSection(ProjectConfigurationPlatforms) = postSolution
		{B21C79F9-3B79-33D4-D162-8004C71EEA31}.Debug|Any CPU.ActiveCfg = Debug|Any CPU
		{B21C79F9-3B79-33D4-D162-8004C71EEA31}.Debug|Any CPU.Build.0 = Debug|Any CPU
		{B21C79F9-3B79-33D4-D162-8004C71EEA31}.Debug|ARM64.ActiveCfg = Debug|ARM64
		{B21C79F9-3B79-33D4-D162-8004C71EEA31}.Debug|ARM64.Build.0 = Debug|ARM64
		{B21C79F9-3B79-33D4-D162-8004C71EEA31}.Debug|x64.ActiveCfg = Debug|Any CPU
		{B21C79F9-3B79-33D4-D162-8004C71EEA31}.Debug|x64.Build.0 = Debug|Any CPU
		{B21C79F9-3B79-33D4-D162-8004C71EEA31}.Debug|x86.ActiveCfg = Debug|Any CPU
		{B21C79F9-3B79-33D4-D162-8004C71EEA31}.Debug|x86.Build.0 = Debug|Any CPU
		{B21C79F9-3B79-33D4-D162-8004C71EEA31}.Release|Any CPU.ActiveCfg = Release|Any CPU
		{B21C79F9-3B79-33D4-D162-8004C71EEA31}.Release|Any CPU.Build.0 = Release|Any CPU
		{B21C79F9-3B79-33D4-D162-8004C71EEA31}.Release|ARM64.ActiveCfg = Release|ARM64
		{B21C79F9-3B79-33D4-D162-8004C71EEA31}.Release|ARM64.Build.0 = Release|ARM64
		{B21C79F9-3B79-33D4-D162-8004C71EEA31}.Release|x64.ActiveCfg = Release|Any CPU
		{B21C79F9-3B79-33D4-D162-8004C71EEA31}.Release|x64.Build.0 = Release|Any CPU
		{B21C79F9-3B79-33D4-D162-8004C71EEA31}.Release|x86.ActiveCfg = Release|Any CPU
		{B21C79F9-3B79-33D4-D162-8004C71EEA31}.Release|x86.Build.0 = Release|Any CPU
		{3FB35880-69F0-40F6-9C82-7B1CA0BEFF5C}.Debug|Any CPU.ActiveCfg = Debug|x64
		{3FB35880-69F0-40F6-9C82-7B1CA0BEFF5C}.Debug|Any CPU.Build.0 = Debug|x64
		{3FB35880-69F0-40F6-9C82-7B1CA0BEFF5C}.Debug|ARM64.ActiveCfg = Debug|ARM64
		{3FB35880-69F0-40F6-9C82-7B1CA0BEFF5C}.Debug|ARM64.Build.0 = Debug|ARM64
		{3FB35880-69F0-40F6-9C82-7B1CA0BEFF5C}.Debug|x64.ActiveCfg = Debug|x64
		{3FB35880-69F0-40F6-9C82-7B1CA0BEFF5C}.Debug|x64.Build.0 = Debug|x64
		{3FB35880-69F0-40F6-9C82-7B1CA0BEFF5C}.Debug|x86.ActiveCfg = Debug|Win32
		{3FB35880-69F0-40F6-9C82-7B1CA0BEFF5C}.Debug|x86.Build.0 = Debug|Win32
		{3FB35880-69F0-40F6-9C82-7B1CA0BEFF5C}.Release|Any CPU.ActiveCfg = Release|x64
		{3FB35880-69F0-40F6-9C82-7B1CA0BEFF5C}.Release|Any CPU.Build.0 = Release|x64
		{3FB35880-69F0-40F6-9C82-7B1CA0BEFF5C}.Release|ARM64.ActiveCfg = Release|ARM64
		{3FB35880-69F0-40F6-9C82-7B1CA0BEFF5C}.Release|ARM64.Build.0 = Release|ARM64
		{3FB35880-69F0-40F6-9C82-7B1CA0BEFF5C}.Release|x64.ActiveCfg = Release|x64
		{3FB35880-69F0-40F6-9C82-7B1CA0BEFF5C}.Release|x64.Build.0 = Release|x64
		{3FB35880-69F0-40F6-9C82-7B1CA0BEFF5C}.Release|x86.ActiveCfg = Release|Win32
		{3FB35880-69F0-40F6-9C82-7B1CA0BEFF5C}.Release|x86.Build.0 = Release|Win32
		{6A8FB3B0-0CCB-5FE0-6DDB-4235A8EA1891}.Debug|Any CPU.ActiveCfg = Debug|Any CPU
		{6A8FB3B0-0CCB-5FE0-6DDB-4235A8EA1891}.Debug|Any CPU.Build.0 = Debug|Any CPU
		{6A8FB3B0-0CCB-5FE0-6DDB-4235A8EA1891}.Debug|ARM64.ActiveCfg = Debug|ARM64
		{6A8FB3B0-0CCB-5FE0-6DDB-4235A8EA1891}.Debug|ARM64.Build.0 = Debug|ARM64
		{6A8FB3B0-0CCB-5FE0-6DDB-4235A8EA1891}.Debug|x64.ActiveCfg = Debug|Any CPU
		{6A8FB3B0-0CCB-5FE0-6DDB-4235A8EA1891}.Debug|x64.Build.0 = Debug|Any CPU
		{6A8FB3B0-0CCB-5FE0-6DDB-4235A8EA1891}.Debug|x86.ActiveCfg = Debug|Any CPU
		{6A8FB3B0-0CCB-5FE0-6DDB-4235A8EA1891}.Debug|x86.Build.0 = Debug|Any CPU
		{6A8FB3B0-0CCB-5FE0-6DDB-4235A8EA1891}.Release|Any CPU.ActiveCfg = Release|Any CPU
		{6A8FB3B0-0CCB-5FE0-6DDB-4235A8EA1891}.Release|Any CPU.Build.0 = Release|Any CPU
		{6A8FB3B0-0CCB-5FE0-6DDB-4235A8EA1891}.Release|ARM64.ActiveCfg = Release|ARM64
		{6A8FB3B0-0CCB-5FE0-6DDB-4235A8EA1891}.Release|ARM64.Build.0 = Release|ARM64
		{6A8FB3B0-0CCB-5FE0-6DDB-4235A8EA1891}.Release|x64.ActiveCfg = Release|Any CPU
		{6A8FB3B0-0CCB-5FE0-6DDB-4235A8EA1891}.Release|x64.Build.0 = Release|Any CPU
		{6A8FB3B0-0CCB-5FE0-6DDB-4235A8EA1891}.Release|x86.ActiveCfg = Release|Any CPU
		{6A8FB3B0-0CCB-5FE0-6DDB-4235A8EA1891}.Release|x86.Build.0 = Release|Any CPU
	EndGlobalSection
	GlobalSection(SolutionProperties) = preSolution
		HideSolutionNode = FALSE
	EndGlobalSection
	GlobalSection(ExtensibilityGlobals) = postSolution
		SolutionGuid = {32A2C4ED-9325-48A9-9F29-5DB395E7C679}
	EndGlobalSection
EndGlobal
